// !$*UTF8*$!
{
	archiveVersion = 1;
	classes = {
	};
	objectVersion = 51;
	objects = {

/* Begin PBXBuildFile section */
		9FA640FF2480352800FDBCCA /* AppDelegate.swift in Sources */ = {isa = PBXBuildFile; fileRef = 9FA640FE2480352800FDBCCA /* AppDelegate.swift */; };
		9FA641012480352800FDBCCA /* SceneDelegate.swift in Sources */ = {isa = PBXBuildFile; fileRef = 9FA641002480352800FDBCCA /* SceneDelegate.swift */; };
		9FA641032480352800FDBCCA /* ViewController.swift in Sources */ = {isa = PBXBuildFile; fileRef = 9FA641022480352800FDBCCA /* ViewController.swift */; };
		9FA641062480352800FDBCCA /* Main.storyboard in Resources */ = {isa = PBXBuildFile; fileRef = 9FA641042480352800FDBCCA /* Main.storyboard */; };
		9FA641082480352F00FDBCCA /* Assets.xcassets in Resources */ = {isa = PBXBuildFile; fileRef = 9FA641072480352F00FDBCCA /* Assets.xcassets */; };
		9FA6410B2480352F00FDBCCA /* LaunchScreen.storyboard in Resources */ = {isa = PBXBuildFile; fileRef = 9FA641092480352F00FDBCCA /* LaunchScreen.storyboard */; };
		9FA6411524811DB800FDBCCA /* TableViewCell.swift in Sources */ = {isa = PBXBuildFile; fileRef = 9FA6411324811DB800FDBCCA /* TableViewCell.swift */; };
		9FA6411624811DB900FDBCCA /* TableViewCell.xib in Resources */ = {isa = PBXBuildFile; fileRef = 9FA6411424811DB800FDBCCA /* TableViewCell.xib */; };
		9FA6411B2481836400FDBCCA /* headerCell.swift in Sources */ = {isa = PBXBuildFile; fileRef = 9FA641192481836400FDBCCA /* headerCell.swift */; };
		9FA6411C2481836400FDBCCA /* headerCell.xib in Resources */ = {isa = PBXBuildFile; fileRef = 9FA6411A2481836400FDBCCA /* headerCell.xib */; };
		9FA6411E24818C9800FDBCCA /* Extensions.swift in Sources */ = {isa = PBXBuildFile; fileRef = 9FA6411D24818C9800FDBCCA /* Extensions.swift */; };
		9FA641212483D1D700FDBCCA /* EveningCell.swift in Sources */ = {isa = PBXBuildFile; fileRef = 9FA6411F2483D1D700FDBCCA /* EveningCell.swift */; };
		9FA641222483D1D700FDBCCA /* EveningCell.xib in Resources */ = {isa = PBXBuildFile; fileRef = 9FA641202483D1D700FDBCCA /* EveningCell.xib */; };
		9FA641252483DA5600FDBCCA /* eveningHeaderCell.swift in Sources */ = {isa = PBXBuildFile; fileRef = 9FA641232483DA5600FDBCCA /* eveningHeaderCell.swift */; };
		9FA641262483DA5600FDBCCA /* eveningHeaderCell.xib in Resources */ = {isa = PBXBuildFile; fileRef = 9FA641242483DA5600FDBCCA /* eveningHeaderCell.xib */; };
		9FA641292483DA6B00FDBCCA /* eveningFooterCell.swift in Sources */ = {isa = PBXBuildFile; fileRef = 9FA641272483DA6B00FDBCCA /* eveningFooterCell.swift */; };
		9FA6412A2483DA6B00FDBCCA /* eveningFooterCell.xib in Resources */ = {isa = PBXBuildFile; fileRef = 9FA641282483DA6B00FDBCCA /* eveningFooterCell.xib */; };
		B89B95582487ECAF00E736AE /* seperatorCell.swift in Sources */ = {isa = PBXBuildFile; fileRef = B89B95562487ECAF00E736AE /* seperatorCell.swift */; };
		B89B95592487ECAF00E736AE /* seperatorCell.xib in Resources */ = {isa = PBXBuildFile; fileRef = B89B95572487ECAF00E736AE /* seperatorCell.xib */; };
		C3BB206E40872E97C787A6C5 /* Pods_calendarView.framework in Frameworks */ = {isa = PBXBuildFile; fileRef = DEF15FE3CD29ABE198D60E0E /* Pods_calendarView.framework */; };
/* End PBXBuildFile section */

/* Begin PBXFileReference section */
		0F177C90E5F2F39A82F8FB91 /* Pods-calendarView.release.xcconfig */ = {isa = PBXFileReference; includeInIndex = 1; lastKnownFileType = text.xcconfig; name = "Pods-calendarView.release.xcconfig"; path = "Target Support Files/Pods-calendarView/Pods-calendarView.release.xcconfig"; sourceTree = "<group>"; };
		75B2868072F6A651D548538D /* Pods-calendarView.debug.xcconfig */ = {isa = PBXFileReference; includeInIndex = 1; lastKnownFileType = text.xcconfig; name = "Pods-calendarView.debug.xcconfig"; path = "Target Support Files/Pods-calendarView/Pods-calendarView.debug.xcconfig"; sourceTree = "<group>"; };
		9FA640FB2480352800FDBCCA /* calendarView.app */ = {isa = PBXFileReference; explicitFileType = wrapper.application; includeInIndex = 0; path = calendarView.app; sourceTree = BUILT_PRODUCTS_DIR; };
		9FA640FE2480352800FDBCCA /* AppDelegate.swift */ = {isa = PBXFileReference; lastKnownFileType = sourcecode.swift; path = AppDelegate.swift; sourceTree = "<group>"; };
		9FA641002480352800FDBCCA /* SceneDelegate.swift */ = {isa = PBXFileReference; lastKnownFileType = sourcecode.swift; path = SceneDelegate.swift; sourceTree = "<group>"; };
		9FA641022480352800FDBCCA /* ViewController.swift */ = {isa = PBXFileReference; lastKnownFileType = sourcecode.swift; path = ViewController.swift; sourceTree = "<group>"; };
		9FA641052480352800FDBCCA /* Base */ = {isa = PBXFileReference; lastKnownFileType = file.storyboard; name = Base; path = Base.lproj/Main.storyboard; sourceTree = "<group>"; };
		9FA641072480352F00FDBCCA /* Assets.xcassets */ = {isa = PBXFileReference; lastKnownFileType = folder.assetcatalog; path = Assets.xcassets; sourceTree = "<group>"; };
		9FA6410A2480352F00FDBCCA /* Base */ = {isa = PBXFileReference; lastKnownFileType = file.storyboard; name = Base; path = Base.lproj/LaunchScreen.storyboard; sourceTree = "<group>"; };
		9FA6410C2480352F00FDBCCA /* Info.plist */ = {isa = PBXFileReference; lastKnownFileType = text.plist.xml; path = Info.plist; sourceTree = "<group>"; };
		9FA641122480371100FDBCCA /* Objc-Bridge-Header.h */ = {isa = PBXFileReference; lastKnownFileType = sourcecode.c.h; path = "Objc-Bridge-Header.h"; sourceTree = "<group>"; };
		9FA6411324811DB800FDBCCA /* TableViewCell.swift */ = {isa = PBXFileReference; lastKnownFileType = sourcecode.swift; path = TableViewCell.swift; sourceTree = "<group>"; };
		9FA6411424811DB800FDBCCA /* TableViewCell.xib */ = {isa = PBXFileReference; lastKnownFileType = file.xib; path = TableViewCell.xib; sourceTree = "<group>"; };
		9FA641192481836400FDBCCA /* headerCell.swift */ = {isa = PBXFileReference; lastKnownFileType = sourcecode.swift; path = headerCell.swift; sourceTree = "<group>"; };
		9FA6411A2481836400FDBCCA /* headerCell.xib */ = {isa = PBXFileReference; lastKnownFileType = file.xib; path = headerCell.xib; sourceTree = "<group>"; };
		9FA6411D24818C9800FDBCCA /* Extensions.swift */ = {isa = PBXFileReference; fileEncoding = 4; lastKnownFileType = sourcecode.swift; path = Extensions.swift; sourceTree = "<group>"; };
		9FA6411F2483D1D700FDBCCA /* EveningCell.swift */ = {isa = PBXFileReference; lastKnownFileType = sourcecode.swift; path = EveningCell.swift; sourceTree = "<group>"; };
		9FA641202483D1D700FDBCCA /* EveningCell.xib */ = {isa = PBXFileReference; lastKnownFileType = file.xib; path = EveningCell.xib; sourceTree = "<group>"; };
		9FA641232483DA5600FDBCCA /* eveningHeaderCell.swift */ = {isa = PBXFileReference; lastKnownFileType = sourcecode.swift; path = eveningHeaderCell.swift; sourceTree = "<group>"; };
		9FA641242483DA5600FDBCCA /* eveningHeaderCell.xib */ = {isa = PBXFileReference; lastKnownFileType = file.xib; path = eveningHeaderCell.xib; sourceTree = "<group>"; };
		9FA641272483DA6B00FDBCCA /* eveningFooterCell.swift */ = {isa = PBXFileReference; lastKnownFileType = sourcecode.swift; path = eveningFooterCell.swift; sourceTree = "<group>"; };
		9FA641282483DA6B00FDBCCA /* eveningFooterCell.xib */ = {isa = PBXFileReference; lastKnownFileType = file.xib; path = eveningFooterCell.xib; sourceTree = "<group>"; };
		B89B95562487ECAF00E736AE /* seperatorCell.swift */ = {isa = PBXFileReference; lastKnownFileType = sourcecode.swift; path = seperatorCell.swift; sourceTree = "<group>"; };
		B89B95572487ECAF00E736AE /* seperatorCell.xib */ = {isa = PBXFileReference; lastKnownFileType = file.xib; path = seperatorCell.xib; sourceTree = "<group>"; };
		DEF15FE3CD29ABE198D60E0E /* Pods_calendarView.framework */ = {isa = PBXFileReference; explicitFileType = wrapper.framework; includeInIndex = 0; path = Pods_calendarView.framework; sourceTree = BUILT_PRODUCTS_DIR; };
/* End PBXFileReference section */

/* Begin PBXFrameworksBuildPhase section */
		9FA640F82480352800FDBCCA /* Frameworks */ = {
			isa = PBXFrameworksBuildPhase;
			buildActionMask = 2147483647;
			files = (
				C3BB206E40872E97C787A6C5 /* Pods_calendarView.framework in Frameworks */,
			);
			runOnlyForDeploymentPostprocessing = 0;
		};
/* End PBXFrameworksBuildPhase section */

/* Begin PBXGroup section */
		37DE033E0E64242E8BDBFDE3 /* Frameworks */ = {
			isa = PBXGroup;
			children = (
				DEF15FE3CD29ABE198D60E0E /* Pods_calendarView.framework */,
			);
			name = Frameworks;
			sourceTree = "<group>";
		};
		9FA640F22480352800FDBCCA = {
			isa = PBXGroup;
			children = (
				9FA640FD2480352800FDBCCA /* calendarView */,
				9FA640FC2480352800FDBCCA /* Products */,
				BD273027F1B4B2AAE5CADE97 /* Pods */,
				37DE033E0E64242E8BDBFDE3 /* Frameworks */,
			);
			sourceTree = "<group>";
		};
		9FA640FC2480352800FDBCCA /* Products */ = {
			isa = PBXGroup;
			children = (
				9FA640FB2480352800FDBCCA /* calendarView.app */,
			);
			name = Products;
			sourceTree = "<group>";
		};
		9FA640FD2480352800FDBCCA /* calendarView */ = {
			isa = PBXGroup;
			children = (
				9FA640FE2480352800FDBCCA /* AppDelegate.swift */,
				9FA641002480352800FDBCCA /* SceneDelegate.swift */,
				B89B95542486B76D00E736AE /* Utills */,
				B89B95552486B77B00E736AE /* ViewControllers */,
				B89B95532486B75400E736AE /* Cell */,
				9FA641122480371100FDBCCA /* Objc-Bridge-Header.h */,
				9FA641042480352800FDBCCA /* Main.storyboard */,
				9FA641072480352F00FDBCCA /* Assets.xcassets */,
				9FA641092480352F00FDBCCA /* LaunchScreen.storyboard */,
				9FA6410C2480352F00FDBCCA /* Info.plist */,
			);
			path = calendarView;
			sourceTree = "<group>";
		};
		B89B95532486B75400E736AE /* Cell */ = {
			isa = PBXGroup;
			children = (
				9FA641272483DA6B00FDBCCA /* eveningFooterCell.swift */,
				9FA641282483DA6B00FDBCCA /* eveningFooterCell.xib */,
				9FA641232483DA5600FDBCCA /* eveningHeaderCell.swift */,
				9FA641242483DA5600FDBCCA /* eveningHeaderCell.xib */,
				9FA6411F2483D1D700FDBCCA /* EveningCell.swift */,
				9FA641202483D1D700FDBCCA /* EveningCell.xib */,
				9FA641192481836400FDBCCA /* headerCell.swift */,
				9FA6411A2481836400FDBCCA /* headerCell.xib */,
				9FA6411324811DB800FDBCCA /* TableViewCell.swift */,
				9FA6411424811DB800FDBCCA /* TableViewCell.xib */,
				B89B95562487ECAF00E736AE /* seperatorCell.swift */,
				B89B95572487ECAF00E736AE /* seperatorCell.xib */,
			);
			path = Cell;
			sourceTree = "<group>";
		};
		B89B95542486B76D00E736AE /* Utills */ = {
			isa = PBXGroup;
			children = (
				9FA6411D24818C9800FDBCCA /* Extensions.swift */,
			);
			path = Utills;
			sourceTree = "<group>";
		};
		B89B95552486B77B00E736AE /* ViewControllers */ = {
			isa = PBXGroup;
			children = (
				9FA641022480352800FDBCCA /* ViewController.swift */,
			);
			path = ViewControllers;
			sourceTree = "<group>";
		};
		BD273027F1B4B2AAE5CADE97 /* Pods */ = {
			isa = PBXGroup;
			children = (
				75B2868072F6A651D548538D /* Pods-calendarView.debug.xcconfig */,
				0F177C90E5F2F39A82F8FB91 /* Pods-calendarView.release.xcconfig */,
			);
			path = Pods;
			sourceTree = "<group>";
		};
/* End PBXGroup section */

/* Begin PBXNativeTarget section */
		9FA640FA2480352800FDBCCA /* calendarView */ = {
			isa = PBXNativeTarget;
			buildConfigurationList = 9FA6410F2480352F00FDBCCA /* Build configuration list for PBXNativeTarget "calendarView" */;
			buildPhases = (
				75BDCE74DD809E974DB86123 /* [CP] Check Pods Manifest.lock */,
				9FA640F72480352800FDBCCA /* Sources */,
				9FA640F82480352800FDBCCA /* Frameworks */,
				9FA640F92480352800FDBCCA /* Resources */,
				DF089091DAE05D7378404FF2 /* [CP] Embed Pods Frameworks */,
			);
			buildRules = (
			);
			dependencies = (
			);
			name = calendarView;
			productName = calendarView;
			productReference = 9FA640FB2480352800FDBCCA /* calendarView.app */;
			productType = "com.apple.product-type.application";
		};
/* End PBXNativeTarget section */

/* Begin PBXProject section */
		9FA640F32480352800FDBCCA /* Project object */ = {
			isa = PBXProject;
			attributes = {
				LastSwiftUpdateCheck = 1130;
				LastUpgradeCheck = 1130;
				ORGANIZATIONNAME = "Minkle Garg";
				TargetAttributes = {
					9FA640FA2480352800FDBCCA = {
						CreatedOnToolsVersion = 11.3.1;
					};
				};
			};
			buildConfigurationList = 9FA640F62480352800FDBCCA /* Build configuration list for PBXProject "calendarView" */;
			compatibilityVersion = "Xcode 9.3";
			developmentRegion = en;
			hasScannedForEncodings = 0;
			knownRegions = (
				en,
				Base,
			);
			mainGroup = 9FA640F22480352800FDBCCA;
			productRefGroup = 9FA640FC2480352800FDBCCA /* Products */;
			projectDirPath = "";
			projectRoot = "";
			targets = (
				9FA640FA2480352800FDBCCA /* calendarView */,
			);
		};
/* End PBXProject section */

/* Begin PBXResourcesBuildPhase section */
		9FA640F92480352800FDBCCA /* Resources */ = {
			isa = PBXResourcesBuildPhase;
			buildActionMask = 2147483647;
			files = (
				9FA6411C2481836400FDBCCA /* headerCell.xib in Resources */,
				9FA6412A2483DA6B00FDBCCA /* eveningFooterCell.xib in Resources */,
				B89B95592487ECAF00E736AE /* seperatorCell.xib in Resources */,
				9FA6410B2480352F00FDBCCA /* LaunchScreen.storyboard in Resources */,
				9FA6411624811DB900FDBCCA /* TableViewCell.xib in Resources */,
				9FA641082480352F00FDBCCA /* Assets.xcassets in Resources */,
				9FA641262483DA5600FDBCCA /* eveningHeaderCell.xib in Resources */,
				9FA641222483D1D700FDBCCA /* EveningCell.xib in Resources */,
				9FA641062480352800FDBCCA /* Main.storyboard in Resources */,
			);
			runOnlyForDeploymentPostprocessing = 0;
		};
/* End PBXResourcesBuildPhase section */

/* Begin PBXShellScriptBuildPhase section */
		75BDCE74DD809E974DB86123 /* [CP] Check Pods Manifest.lock */ = {
			isa = PBXShellScriptBuildPhase;
			buildActionMask = 2147483647;
			files = (
			);
			inputFileListPaths = (
			);
			inputPaths = (
				"${PODS_PODFILE_DIR_PATH}/Podfile.lock",
				"${PODS_ROOT}/Manifest.lock",
			);
			name = "[CP] Check Pods Manifest.lock";
			outputFileListPaths = (
			);
			outputPaths = (
				"$(DERIVED_FILE_DIR)/Pods-calendarView-checkManifestLockResult.txt",
			);
			runOnlyForDeploymentPostprocessing = 0;
			shellPath = /bin/sh;
			shellScript = "diff \"${PODS_PODFILE_DIR_PATH}/Podfile.lock\" \"${PODS_ROOT}/Manifest.lock\" > /dev/null\nif [ $? != 0 ] ; then\n    # print error to STDERR\n    echo \"error: The sandbox is not in sync with the Podfile.lock. Run 'pod install' or update your CocoaPods installation.\" >&2\n    exit 1\nfi\n# This output is used by Xcode 'outputs' to avoid re-running this script phase.\necho \"SUCCESS\" > \"${SCRIPT_OUTPUT_FILE_0}\"\n";
			showEnvVarsInLog = 0;
		};
		DF089091DAE05D7378404FF2 /* [CP] Embed Pods Frameworks */ = {
			isa = PBXShellScriptBuildPhase;
			buildActionMask = 2147483647;
			files = (
			);
			inputFileListPaths = (
				"${PODS_ROOT}/Target Support Files/Pods-calendarView/Pods-calendarView-frameworks-${CONFIGURATION}-input-files.xcfilelist",
			);
			name = "[CP] Embed Pods Frameworks";
			outputFileListPaths = (
				"${PODS_ROOT}/Target Support Files/Pods-calendarView/Pods-calendarView-frameworks-${CONFIGURATION}-output-files.xcfilelist",
			);
			runOnlyForDeploymentPostprocessing = 0;
			shellPath = /bin/sh;
			shellScript = "\"${PODS_ROOT}/Target Support Files/Pods-calendarView/Pods-calendarView-frameworks.sh\"\n";
			showEnvVarsInLog = 0;
		};
/* End PBXShellScriptBuildPhase section */

/* Begin PBXSourcesBuildPhase section */
		9FA640F72480352800FDBCCA /* Sources */ = {
			isa = PBXSourcesBuildPhase;
			buildActionMask = 2147483647;
			files = (
				9FA641032480352800FDBCCA /* ViewController.swift in Sources */,
				9FA641212483D1D700FDBCCA /* EveningCell.swift in Sources */,
				9FA6411E24818C9800FDBCCA /* Extensions.swift in Sources */,
				B89B95582487ECAF00E736AE /* seperatorCell.swift in Sources */,
				9FA6411B2481836400FDBCCA /* headerCell.swift in Sources */,
				9FA641292483DA6B00FDBCCA /* eveningFooterCell.swift in Sources */,
				9FA6411524811DB800FDBCCA /* TableViewCell.swift in Sources */,
				9FA640FF2480352800FDBCCA /* AppDelegate.swift in Sources */,
				9FA641012480352800FDBCCA /* SceneDelegate.swift in Sources */,
				9FA641252483DA5600FDBCCA /* eveningHeaderCell.swift in Sources */,
			);
			runOnlyForDeploymentPostprocessing = 0;
		};
/* End PBXSourcesBuildPhase section */

/* Begin PBXVariantGroup section */
		9FA641042480352800FDBCCA /* Main.storyboard */ = {
			isa = PBXVariantGroup;
			children = (
				9FA641052480352800FDBCCA /* Base */,
			);
			name = Main.storyboard;
			sourceTree = "<group>";
		};
		9FA641092480352F00FDBCCA /* LaunchScreen.storyboard */ = {
			isa = PBXVariantGroup;
			children = (
				9FA6410A2480352F00FDBCCA /* Base */,
			);
			name = LaunchScreen.storyboard;
			sourceTree = "<group>";
		};
/* End PBXVariantGroup section */

/* Begin XCBuildConfiguration section */
		9FA6410D2480352F00FDBCCA /* Debug */ = {
			isa = XCBuildConfiguration;
			buildSettings = {
				ALWAYS_SEARCH_USER_PATHS = NO;
				CLANG_ANALYZER_NONNULL = YES;
				CLANG_ANALYZER_NUMBER_OBJECT_CONVERSION = YES_AGGRESSIVE;
				CLANG_CXX_LANGUAGE_STANDARD = "gnu++14";
				CLANG_CXX_LIBRARY = "libc++";
				CLANG_ENABLE_MODULES = YES;
				CLANG_ENABLE_OBJC_ARC = YES;
				CLANG_ENABLE_OBJC_WEAK = YES;
				CLANG_WARN_BLOCK_CAPTURE_AUTORELEASING = YES;
				CLANG_WARN_BOOL_CONVERSION = YES;
				CLANG_WARN_COMMA = YES;
				CLANG_WARN_CONSTANT_CONVERSION = YES;
				CLANG_WARN_DEPRECATED_OBJC_IMPLEMENTATIONS = YES;
				CLANG_WARN_DIRECT_OBJC_ISA_USAGE = YES_ERROR;
				CLANG_WARN_DOCUMENTATION_COMMENTS = YES;
				CLANG_WARN_EMPTY_BODY = YES;
				CLANG_WARN_ENUM_CONVERSION = YES;
				CLANG_WARN_INFINITE_RECURSION = YES;
				CLANG_WARN_INT_CONVERSION = YES;
				CLANG_WARN_NON_LITERAL_NULL_CONVERSION = YES;
				CLANG_WARN_OBJC_IMPLICIT_RETAIN_SELF = YES;
				CLANG_WARN_OBJC_LITERAL_CONVERSION = YES;
				CLANG_WARN_OBJC_ROOT_CLASS = YES_ERROR;
				CLANG_WARN_RANGE_LOOP_ANALYSIS = YES;
				CLANG_WARN_STRICT_PROTOTYPES = YES;
				CLANG_WARN_SUSPICIOUS_MOVE = YES;
				CLANG_WARN_UNGUARDED_AVAILABILITY = YES_AGGRESSIVE;
				CLANG_WARN_UNREACHABLE_CODE = YES;
				CLANG_WARN__DUPLICATE_METHOD_MATCH = YES;
				COPY_PHASE_STRIP = NO;
				DEBUG_INFORMATION_FORMAT = dwarf;
				ENABLE_STRICT_OBJC_MSGSEND = YES;
				ENABLE_TESTABILITY = YES;
				GCC_C_LANGUAGE_STANDARD = gnu11;
				GCC_DYNAMIC_NO_PIC = NO;
				GCC_NO_COMMON_BLOCKS = YES;
				GCC_OPTIMIZATION_LEVEL = 0;
				GCC_PREPROCESSOR_DEFINITIONS = (
					"DEBUG=1",
					"$(inherited)",
				);
				GCC_WARN_64_TO_32_BIT_CONVERSION = YES;
				GCC_WARN_ABOUT_RETURN_TYPE = YES_ERROR;
				GCC_WARN_UNDECLARED_SELECTOR = YES;
				GCC_WARN_UNINITIALIZED_AUTOS = YES_AGGRESSIVE;
				GCC_WARN_UNUSED_FUNCTION = YES;
				GCC_WARN_UNUSED_VARIABLE = YES;
				IPHONEOS_DEPLOYMENT_TARGET = 13.2;
				MTL_ENABLE_DEBUG_INFO = INCLUDE_SOURCE;
				MTL_FAST_MATH = YES;
				ONLY_ACTIVE_ARCH = YES;
				SDKROOT = iphoneos;
				SWIFT_ACTIVE_COMPILATION_CONDITIONS = DEBUG;
				SWIFT_OPTIMIZATION_LEVEL = "-Onone";
			};
			name = Debug;
		};
		9FA6410E2480352F00FDBCCA /* Release */ = {
			isa = XCBuildConfiguration;
			buildSettings = {
				ALWAYS_SEARCH_USER_PATHS = NO;
				CLANG_ANALYZER_NONNULL = YES;
				CLANG_ANALYZER_NUMBER_OBJECT_CONVERSION = YES_AGGRESSIVE;
				CLANG_CXX_LANGUAGE_STANDARD = "gnu++14";
				CLANG_CXX_LIBRARY = "libc++";
				CLANG_ENABLE_MODULES = YES;
				CLANG_ENABLE_OBJC_ARC = YES;
				CLANG_ENABLE_OBJC_WEAK = YES;
				CLANG_WARN_BLOCK_CAPTURE_AUTORELEASING = YES;
				CLANG_WARN_BOOL_CONVERSION = YES;
				CLANG_WARN_COMMA = YES;
				CLANG_WARN_CONSTANT_CONVERSION = YES;
				CLANG_WARN_DEPRECATED_OBJC_IMPLEMENTATIONS = YES;
				CLANG_WARN_DIRECT_OBJC_ISA_USAGE = YES_ERROR;
				CLANG_WARN_DOCUMENTATION_COMMENTS = YES;
				CLANG_WARN_EMPTY_BODY = YES;
				CLANG_WARN_ENUM_CONVERSION = YES;
				CLANG_WARN_INFINITE_RECURSION = YES;
				CLANG_WARN_INT_CONVERSION = YES;
				CLANG_WARN_NON_LITERAL_NULL_CONVERSION = YES;
				CLANG_WARN_OBJC_IMPLICIT_RETAIN_SELF = YES;
				CLANG_WARN_OBJC_LITERAL_CONVERSION = YES;
				CLANG_WARN_OBJC_ROOT_CLASS = YES_ERROR;
				CLANG_WARN_RANGE_LOOP_ANALYSIS = YES;
				CLANG_WARN_STRICT_PROTOTYPES = YES;
				CLANG_WARN_SUSPICIOUS_MOVE = YES;
				CLANG_WARN_UNGUARDED_AVAILABILITY = YES_AGGRESSIVE;
				CLANG_WARN_UNREACHABLE_CODE = YES;
				CLANG_WARN__DUPLICATE_METHOD_MATCH = YES;
				COPY_PHASE_STRIP = NO;
				DEBUG_INFORMATION_FORMAT = "dwarf-with-dsym";
				ENABLE_NS_ASSERTIONS = NO;
				ENABLE_STRICT_OBJC_MSGSEND = YES;
				GCC_C_LANGUAGE_STANDARD = gnu11;
				GCC_NO_COMMON_BLOCKS = YES;
				GCC_WARN_64_TO_32_BIT_CONVERSION = YES;
				GCC_WARN_ABOUT_RETURN_TYPE = YES_ERROR;
				GCC_WARN_UNDECLARED_SELECTOR = YES;
				GCC_WARN_UNINITIALIZED_AUTOS = YES_AGGRESSIVE;
				GCC_WARN_UNUSED_FUNCTION = YES;
				GCC_WARN_UNUSED_VARIABLE = YES;
				IPHONEOS_DEPLOYMENT_TARGET = 13.2;
				MTL_ENABLE_DEBUG_INFO = NO;
				MTL_FAST_MATH = YES;
				SDKROOT = iphoneos;
				SWIFT_COMPILATION_MODE = wholemodule;
				SWIFT_OPTIMIZATION_LEVEL = "-O";
				VALIDATE_PRODUCT = YES;
			};
			name = Release;
		};
		9FA641102480352F00FDBCCA /* Debug */ = {
			isa = XCBuildConfiguration;
			baseConfigurationReference = 75B2868072F6A651D548538D /* Pods-calendarView.debug.xcconfig */;
			buildSettings = {
				ASSETCATALOG_COMPILER_APPICON_NAME = AppIcon;
				CODE_SIGN_STYLE = Automatic;
				INFOPLIST_FILE = calendarView/Info.plist;
				LD_RUNPATH_SEARCH_PATHS = (
					"$(inherited)",
					"@executable_path/Frameworks",
				);
				PRODUCT_BUNDLE_IDENTIFIER = sathish.calendarView;
				PRODUCT_NAME = "$(TARGET_NAME)";
				SWIFT_VERSION = 5.0;
				TARGETED_DEVICE_FAMILY = "1,2";
			};
			name = Debug;
		};
		9FA641112480352F00FDBCCA /* Release */ = {
			isa = XCBuildConfiguration;
			baseConfigurationReference = 0F177C90E5F2F39A82F8FB91 /* Pods-calendarView.release.xcconfig */;
			buildSettings = {
				ASSETCATALOG_COMPILER_APPICON_NAME = AppIcon;
				CODE_SIGN_STYLE = Automatic;
				INFOPLIST_FILE = calendarView/Info.plist;
				LD_RUNPATH_SEARCH_PATHS = (
					"$(inherited)",
					"@executable_path/Frameworks",
				);
				PRODUCT_BUNDLE_IDENTIFIER = sathish.calendarView;
				PRODUCT_NAME = "$(TARGET_NAME)";
				SWIFT_VERSION = 5.0;
				TARGETED_DEVICE_FAMILY = "1,2";
			};
			name = Release;
		};
/* End XCBuildConfiguration section */

/* Begin XCConfigurationList section */
		9FA640F62480352800FDBCCA /* Build configuration list for PBXProject "calendarView" */ = {
			isa = XCConfigurationList;
			buildConfigurations = (
				9FA6410D2480352F00FDBCCA /* Debug */,
				9FA6410E2480352F00FDBCCA /* Release */,
			);
			defaultConfigurationIsVisible = 0;
			defaultConfigurationName = Release;
		};
		9FA6410F2480352F00FDBCCA /* Build configuration list for PBXNativeTarget "calendarView" */ = {
			isa = XCConfigurationList;
			buildConfigurations = (
				9FA641102480352F00FDBCCA /* Debug */,
				9FA641112480352F00FDBCCA /* Release */,
			);
			defaultConfigurationIsVisible = 0;
			defaultConfigurationName = Release;
		};
/* End XCConfigurationList section */
	};
	rootObject = 9FA640F32480352800FDBCCA /* Project object */;
}
